
Microsoft Visual Studio Solution File, Format Version 12.00
# Visual Studio Version 17
VisualStudioVersion = 17.8.34330.188
MinimumVisualStudioVersion = 10.0.40219.1
Project("{FAE04EC0-301F-11D3-BF4B-00C04F79EFBC}") = "MicroserviceTeachers", "MicroserviceTeachers.csproj", "{70BC9269-C0CA-4509-ABD1-320E1FC792B0}"
EndProject
Global
	GlobalSection(SolutionConfigurationPlatforms) = preSolution
		Debug|Any CPU = Debug|Any CPU
		Release|Any CPU = Release|Any CPU
	EndGlobalSection
	GlobalSection(ProjectConfigurationPlatforms) = postSolution
		{70BC9269-C0CA-4509-ABD1-320E1FC792B0}.Debug|Any CPU.ActiveCfg = Debug|Any CPU
		{70BC9269-C0CA-4509-ABD1-320E1FC792B0}.Debug|Any CPU.Build.0 = Debug|Any CPU
		{70BC9269-C0CA-4509-ABD1-320E1FC792B0}.Release|Any CPU.ActiveCfg = Release|Any CPU
		{70BC9269-C0CA-4509-ABD1-320E1FC792B0}.Release|Any CPU.Build.0 = Release|Any CPU
	EndGlobalSection
	GlobalSection(SolutionProperties) = preSolution
		HideSolutionNode = FALSE
	EndGlobalSection
	GlobalSection(ExtensibilityGlobals) = postSolution
		SolutionGuid = {FCEF8716-B99C-4F43-9CBC-61D007E1FB7A}
	EndGlobalSection
EndGlobal
